// !$*UTF8*$!
{
	archiveVersion = 1;
	classes = {
	};
	objectVersion = 46;
	objects = {

/* Begin PBXBuildFile section */
		363FECDC17C4D5B000C21EA3 /* UIKit.framework in Frameworks */ = {isa = PBXBuildFile; fileRef = 363FECDB17C4D5B000C21EA3 /* UIKit.framework */; };
		363FECDE17C4D5B000C21EA3 /* Foundation.framework in Frameworks */ = {isa = PBXBuildFile; fileRef = 363FECDD17C4D5B000C21EA3 /* Foundation.framework */; };
		363FECE017C4D5B000C21EA3 /* CoreGraphics.framework in Frameworks */ = {isa = PBXBuildFile; fileRef = 363FECDF17C4D5B000C21EA3 /* CoreGraphics.framework */; };
		363FECE617C4D5B000C21EA3 /* InfoPlist.strings in Resources */ = {isa = PBXBuildFile; fileRef = 363FECE417C4D5B000C21EA3 /* InfoPlist.strings */; };
		363FECE817C4D5B000C21EA3 /* main.m in Sources */ = {isa = PBXBuildFile; fileRef = 363FECE717C4D5B000C21EA3 /* main.m */; };
		363FECEC17C4D5B000C21EA3 /* PLAppDelegate.m in Sources */ = {isa = PBXBuildFile; fileRef = 363FECEB17C4D5B000C21EA3 /* PLAppDelegate.m */; };
		363FECF517C4D5B100C21EA3 /* MainStoryboard.storyboard in Resources */ = {isa = PBXBuildFile; fileRef = 363FECF317C4D5B100C21EA3 /* MainStoryboard.storyboard */; };
		363FECF817C4D5B100C21EA3 /* PLViewController.m in Sources */ = {isa = PBXBuildFile; fileRef = 363FECF717C4D5B100C21EA3 /* PLViewController.m */; };
		363FECFF17C4D79E00C21EA3 /* MediaPlayer.framework in Frameworks */ = {isa = PBXBuildFile; fileRef = 363FECFE17C4D79E00C21EA3 /* MediaPlayer.framework */; };
		363FEEE317C4DE8100C21EA3 /* QuartzCore.framework in Frameworks */ = {isa = PBXBuildFile; fileRef = 363FEEE217C4DE8100C21EA3 /* QuartzCore.framework */; };
		363FEEE517C4DEAC00C21EA3 /* OpenGLES.framework in Frameworks */ = {isa = PBXBuildFile; fileRef = 363FEEE417C4DEAC00C21EA3 /* OpenGLES.framework */; };
		363FEEE717C4DF0100C21EA3 /* CoreMedia.framework in Frameworks */ = {isa = PBXBuildFile; fileRef = 363FEEE617C4DF0100C21EA3 /* CoreMedia.framework */; };
		363FEF1C17C5053200C21EA3 /* ImageIO.framework in Frameworks */ = {isa = PBXBuildFile; fileRef = 363FEF1B17C5053200C21EA3 /* ImageIO.framework */; };
		363FEF1E17C5054700C21EA3 /* MapKit.framework in Frameworks */ = {isa = PBXBuildFile; fileRef = 363FEF1D17C5054700C21EA3 /* MapKit.framework */; };
		D4362E0B1BCDBB8C001F130A /* AudioToolbox.framework in Frameworks */ = {isa = PBXBuildFile; fileRef = D4362E0A1BCDBB8C001F130A /* AudioToolbox.framework */; };
		D46DABBD1854C8C100FCFA95 /* PLVisualizerView.m in Sources */ = {isa = PBXBuildFile; fileRef = D46DABBC1854C8C100FCFA95 /* PLVisualizerView.m */; };
		D46DABC11854CC8900FCFA95 /* CoreAudio.framework in Frameworks */ = {isa = PBXBuildFile; fileRef = D46DABBF1854CC8900FCFA95 /* CoreAudio.framework */; };
		D46DABC31854CEC800FCFA95 /* particleTexture.png in Resources */ = {isa = PBXBuildFile; fileRef = D46DABC21854CEC800FCFA95 /* particleTexture.png */; };
		D46DABCF185526FF00FCFA95 /* default.png in Resources */ = {isa = PBXBuildFile; fileRef = D46DABCE185526FF00FCFA95 /* default.png */; };
		D46DABD518555C5600FCFA95 /* ACRequest.m in Sources */ = {isa = PBXBuildFile; fileRef = D46DABD418555C5600FCFA95 /* ACRequest.m */; };
		D49A247F1A56087D00DE4A56 /* MKAnnotationView+WebCache.m in Sources */ = {isa = PBXBuildFile; fileRef = D49A245F1A56087D00DE4A56 /* MKAnnotationView+WebCache.m */; };
		D49A24801A56087D00DE4A56 /* NSData+ImageContentType.m in Sources */ = {isa = PBXBuildFile; fileRef = D49A24611A56087D00DE4A56 /* NSData+ImageContentType.m */; };
		D49A24811A56087D00DE4A56 /* SDImageCache.m in Sources */ = {isa = PBXBuildFile; fileRef = D49A24631A56087D00DE4A56 /* SDImageCache.m */; };
		D49A24821A56087D00DE4A56 /* SDWebImageCompat.m in Sources */ = {isa = PBXBuildFile; fileRef = D49A24651A56087D00DE4A56 /* SDWebImageCompat.m */; };
		D49A24831A56087D00DE4A56 /* SDWebImageDecoder.m in Sources */ = {isa = PBXBuildFile; fileRef = D49A24671A56087D00DE4A56 /* SDWebImageDecoder.m */; };
		D49A24841A56087D00DE4A56 /* SDWebImageDownloader.m in Sources */ = {isa = PBXBuildFile; fileRef = D49A24691A56087D00DE4A56 /* SDWebImageDownloader.m */; };
		D49A24851A56087D00DE4A56 /* SDWebImageDownloaderOperation.m in Sources */ = {isa = PBXBuildFile; fileRef = D49A246B1A56087D00DE4A56 /* SDWebImageDownloaderOperation.m */; };
		D49A24861A56087D00DE4A56 /* SDWebImageManager.m in Sources */ = {isa = PBXBuildFile; fileRef = D49A246D1A56087D00DE4A56 /* SDWebImageManager.m */; };
		D49A24871A56087D00DE4A56 /* SDWebImagePrefetcher.m in Sources */ = {isa = PBXBuildFile; fileRef = D49A24701A56087D00DE4A56 /* SDWebImagePrefetcher.m */; };
		D49A24881A56087D00DE4A56 /* UIButton+WebCache.m in Sources */ = {isa = PBXBuildFile; fileRef = D49A24721A56087D00DE4A56 /* UIButton+WebCache.m */; };
		D49A24891A56087D00DE4A56 /* UIImage+GIF.m in Sources */ = {isa = PBXBuildFile; fileRef = D49A24741A56087D00DE4A56 /* UIImage+GIF.m */; };
		D49A248A1A56087D00DE4A56 /* UIImage+MultiFormat.m in Sources */ = {isa = PBXBuildFile; fileRef = D49A24761A56087D00DE4A56 /* UIImage+MultiFormat.m */; };
		D49A248B1A56087D00DE4A56 /* UIImage+WebP.m in Sources */ = {isa = PBXBuildFile; fileRef = D49A24781A56087D00DE4A56 /* UIImage+WebP.m */; };
		D49A248C1A56087D00DE4A56 /* UIImageView+HighlightedWebCache.m in Sources */ = {isa = PBXBuildFile; fileRef = D49A247A1A56087D00DE4A56 /* UIImageView+HighlightedWebCache.m */; };
		D49A248D1A56087D00DE4A56 /* UIImageView+WebCache.m in Sources */ = {isa = PBXBuildFile; fileRef = D49A247C1A56087D00DE4A56 /* UIImageView+WebCache.m */; };
		D49A248E1A56087D00DE4A56 /* UIView+WebCacheOperation.m in Sources */ = {isa = PBXBuildFile; fileRef = D49A247E1A56087D00DE4A56 /* UIView+WebCacheOperation.m */; };
		D4A7AFEB185421E5007B1874 /* Images.xcassets in Resources */ = {isa = PBXBuildFile; fileRef = D4A7AFEA185421E5007B1874 /* Images.xcassets */; };
		D4B2596D1BC6EC690067B276 /* Spotify.framework in Frameworks */ = {isa = PBXBuildFile; fileRef = D4B2596C1BC6EC690067B276 /* Spotify.framework */; };
		D4B2596E1BC6F47D0067B276 /* AVFoundation.framework in Frameworks */ = {isa = PBXBuildFile; fileRef = 363FEEDE17C4DE6200C21EA3 /* AVFoundation.framework */; };
		D4B259711BC73EFF0067B276 /* PLSpotifyController.m in Sources */ = {isa = PBXBuildFile; fileRef = D4B259701BC73EFF0067B276 /* PLSpotifyController.m */; };
		D4B2597A1BC758A70067B276 /* ProximaNova-Bold.otf in Resources */ = {isa = PBXBuildFile; fileRef = D4B259791BC758A70067B276 /* ProximaNova-Bold.otf */; };
		D4B2597B1BC758BF0067B276 /* ProximaNova-Regular.otf in Resources */ = {isa = PBXBuildFile; fileRef = D4B259761BC755360067B276 /* ProximaNova-Regular.otf */; };
		D4B2597C1BC758C30067B276 /* ProximaNova-Semibold.otf in Resources */ = {isa = PBXBuildFile; fileRef = D4B259771BC755360067B276 /* ProximaNova-Semibold.otf */; };
		D4B2597F1BC7B5560067B276 /* PLPlaylistSelectionController.m in Sources */ = {isa = PBXBuildFile; fileRef = D4B2597E1BC7B5560067B276 /* PLPlaylistSelectionController.m */; };
/* End PBXBuildFile section */

/* Begin PBXFileReference section */
		363FECD817C4D5B000C21EA3 /* PLY.app */ = {isa = PBXFileReference; explicitFileType = wrapper.application; includeInIndex = 0; path = PLY.app; sourceTree = BUILT_PRODUCTS_DIR; };
		363FECDB17C4D5B000C21EA3 /* UIKit.framework */ = {isa = PBXFileReference; lastKnownFileType = wrapper.framework; name = UIKit.framework; path = System/Library/Frameworks/UIKit.framework; sourceTree = SDKROOT; };
		363FECDD17C4D5B000C21EA3 /* Foundation.framework */ = {isa = PBXFileReference; lastKnownFileType = wrapper.framework; name = Foundation.framework; path = System/Library/Frameworks/Foundation.framework; sourceTree = SDKROOT; };
		363FECDF17C4D5B000C21EA3 /* CoreGraphics.framework */ = {isa = PBXFileReference; lastKnownFileType = wrapper.framework; name = CoreGraphics.framework; path = System/Library/Frameworks/CoreGraphics.framework; sourceTree = SDKROOT; };
		363FECE317C4D5B000C21EA3 /* Player-Info.plist */ = {isa = PBXFileReference; lastKnownFileType = text.plist.xml; path = "Player-Info.plist"; sourceTree = "<group>"; };
		363FECE517C4D5B000C21EA3 /* en */ = {isa = PBXFileReference; lastKnownFileType = text.plist.strings; name = en; path = en.lproj/InfoPlist.strings; sourceTree = "<group>"; };
		363FECE717C4D5B000C21EA3 /* main.m */ = {isa = PBXFileReference; lastKnownFileType = sourcecode.c.objc; path = main.m; sourceTree = "<group>"; };
		363FECE917C4D5B000C21EA3 /* Player-Prefix.pch */ = {isa = PBXFileReference; lastKnownFileType = sourcecode.c.h; path = "Player-Prefix.pch"; sourceTree = "<group>"; };
		363FECEA17C4D5B000C21EA3 /* PLAppDelegate.h */ = {isa = PBXFileReference; lastKnownFileType = sourcecode.c.h; path = PLAppDelegate.h; sourceTree = "<group>"; };
		363FECEB17C4D5B000C21EA3 /* PLAppDelegate.m */ = {isa = PBXFileReference; lastKnownFileType = sourcecode.c.objc; path = PLAppDelegate.m; sourceTree = "<group>"; };
		363FECF417C4D5B100C21EA3 /* en */ = {isa = PBXFileReference; lastKnownFileType = file.storyboard; name = en; path = en.lproj/MainStoryboard.storyboard; sourceTree = "<group>"; };
		363FECF617C4D5B100C21EA3 /* PLViewController.h */ = {isa = PBXFileReference; lastKnownFileType = sourcecode.c.h; path = PLViewController.h; sourceTree = "<group>"; };
		363FECF717C4D5B100C21EA3 /* PLViewController.m */ = {isa = PBXFileReference; lastKnownFileType = sourcecode.c.objc; path = PLViewController.m; sourceTree = "<group>"; };
		363FECFE17C4D79E00C21EA3 /* MediaPlayer.framework */ = {isa = PBXFileReference; lastKnownFileType = wrapper.framework; name = MediaPlayer.framework; path = System/Library/Frameworks/MediaPlayer.framework; sourceTree = SDKROOT; };
		363FEEDE17C4DE6200C21EA3 /* AVFoundation.framework */ = {isa = PBXFileReference; lastKnownFileType = wrapper.framework; name = AVFoundation.framework; path = System/Library/Frameworks/AVFoundation.framework; sourceTree = SDKROOT; };
		363FEEE217C4DE8100C21EA3 /* QuartzCore.framework */ = {isa = PBXFileReference; lastKnownFileType = wrapper.framework; name = QuartzCore.framework; path = System/Library/Frameworks/QuartzCore.framework; sourceTree = SDKROOT; };
		363FEEE417C4DEAC00C21EA3 /* OpenGLES.framework */ = {isa = PBXFileReference; lastKnownFileType = wrapper.framework; name = OpenGLES.framework; path = System/Library/Frameworks/OpenGLES.framework; sourceTree = SDKROOT; };
		363FEEE617C4DF0100C21EA3 /* CoreMedia.framework */ = {isa = PBXFileReference; lastKnownFileType = wrapper.framework; name = CoreMedia.framework; path = System/Library/Frameworks/CoreMedia.framework; sourceTree = SDKROOT; };
		363FEEE817C4DF0B00C21EA3 /* CoreVideo.framework */ = {isa = PBXFileReference; lastKnownFileType = wrapper.framework; name = CoreVideo.framework; path = System/Library/Frameworks/CoreVideo.framework; sourceTree = SDKROOT; };
		363FEF1917C5052C00C21EA3 /* CoreImage.framework */ = {isa = PBXFileReference; lastKnownFileType = wrapper.framework; name = CoreImage.framework; path = System/Library/Frameworks/CoreImage.framework; sourceTree = SDKROOT; };
		363FEF1B17C5053200C21EA3 /* ImageIO.framework */ = {isa = PBXFileReference; lastKnownFileType = wrapper.framework; name = ImageIO.framework; path = System/Library/Frameworks/ImageIO.framework; sourceTree = SDKROOT; };
		363FEF1D17C5054700C21EA3 /* MapKit.framework */ = {isa = PBXFileReference; lastKnownFileType = wrapper.framework; name = MapKit.framework; path = System/Library/Frameworks/MapKit.framework; sourceTree = SDKROOT; };
		D4362E0A1BCDBB8C001F130A /* AudioToolbox.framework */ = {isa = PBXFileReference; lastKnownFileType = wrapper.framework; name = AudioToolbox.framework; path = System/Library/Frameworks/AudioToolbox.framework; sourceTree = SDKROOT; };
		D46DABBB1854C8C100FCFA95 /* PLVisualizerView.h */ = {isa = PBXFileReference; fileEncoding = 4; lastKnownFileType = sourcecode.c.h; path = PLVisualizerView.h; sourceTree = "<group>"; };
		D46DABBC1854C8C100FCFA95 /* PLVisualizerView.m */ = {isa = PBXFileReference; fileEncoding = 4; lastKnownFileType = sourcecode.c.objc; path = PLVisualizerView.m; sourceTree = "<group>"; };
		D46DABBE1854CC8900FCFA95 /* AudioUnit.framework */ = {isa = PBXFileReference; lastKnownFileType = wrapper.framework; name = AudioUnit.framework; path = System/Library/Frameworks/AudioUnit.framework; sourceTree = SDKROOT; };
		D46DABBF1854CC8900FCFA95 /* CoreAudio.framework */ = {isa = PBXFileReference; lastKnownFileType = wrapper.framework; name = CoreAudio.framework; path = System/Library/Frameworks/CoreAudio.framework; sourceTree = SDKROOT; };
		D46DABC21854CEC800FCFA95 /* particleTexture.png */ = {isa = PBXFileReference; lastKnownFileType = image.png; path = particleTexture.png; sourceTree = "<group>"; };
		D46DABCE185526FF00FCFA95 /* default.png */ = {isa = PBXFileReference; lastKnownFileType = image.png; path = default.png; sourceTree = "<group>"; };
		D46DABD318555C5600FCFA95 /* ACRequest.h */ = {isa = PBXFileReference; fileEncoding = 4; lastKnownFileType = sourcecode.c.h; path = ACRequest.h; sourceTree = "<group>"; };
		D46DABD418555C5600FCFA95 /* ACRequest.m */ = {isa = PBXFileReference; fileEncoding = 4; lastKnownFileType = sourcecode.c.objc; path = ACRequest.m; sourceTree = "<group>"; };
		D49A245E1A56087D00DE4A56 /* MKAnnotationView+WebCache.h */ = {isa = PBXFileReference; fileEncoding = 4; lastKnownFileType = sourcecode.c.h; path = "MKAnnotationView+WebCache.h"; sourceTree = "<group>"; };
		D49A245F1A56087D00DE4A56 /* MKAnnotationView+WebCache.m */ = {isa = PBXFileReference; fileEncoding = 4; lastKnownFileType = sourcecode.c.objc; path = "MKAnnotationView+WebCache.m"; sourceTree = "<group>"; };
		D49A24601A56087D00DE4A56 /* NSData+ImageContentType.h */ = {isa = PBXFileReference; fileEncoding = 4; lastKnownFileType = sourcecode.c.h; path = "NSData+ImageContentType.h"; sourceTree = "<group>"; };
		D49A24611A56087D00DE4A56 /* NSData+ImageContentType.m */ = {isa = PBXFileReference; fileEncoding = 4; lastKnownFileType = sourcecode.c.objc; path = "NSData+ImageContentType.m"; sourceTree = "<group>"; };
		D49A24621A56087D00DE4A56 /* SDImageCache.h */ = {isa = PBXFileReference; fileEncoding = 4; lastKnownFileType = sourcecode.c.h; path = SDImageCache.h; sourceTree = "<group>"; };
		D49A24631A56087D00DE4A56 /* SDImageCache.m */ = {isa = PBXFileReference; fileEncoding = 4; lastKnownFileType = sourcecode.c.objc; path = SDImageCache.m; sourceTree = "<group>"; };
		D49A24641A56087D00DE4A56 /* SDWebImageCompat.h */ = {isa = PBXFileReference; fileEncoding = 4; lastKnownFileType = sourcecode.c.h; path = SDWebImageCompat.h; sourceTree = "<group>"; };
		D49A24651A56087D00DE4A56 /* SDWebImageCompat.m */ = {isa = PBXFileReference; fileEncoding = 4; lastKnownFileType = sourcecode.c.objc; path = SDWebImageCompat.m; sourceTree = "<group>"; };
		D49A24661A56087D00DE4A56 /* SDWebImageDecoder.h */ = {isa = PBXFileReference; fileEncoding = 4; lastKnownFileType = sourcecode.c.h; path = SDWebImageDecoder.h; sourceTree = "<group>"; };
		D49A24671A56087D00DE4A56 /* SDWebImageDecoder.m */ = {isa = PBXFileReference; fileEncoding = 4; lastKnownFileType = sourcecode.c.objc; path = SDWebImageDecoder.m; sourceTree = "<group>"; };
		D49A24681A56087D00DE4A56 /* SDWebImageDownloader.h */ = {isa = PBXFileReference; fileEncoding = 4; lastKnownFileType = sourcecode.c.h; path = SDWebImageDownloader.h; sourceTree = "<group>"; };
		D49A24691A56087D00DE4A56 /* SDWebImageDownloader.m */ = {isa = PBXFileReference; fileEncoding = 4; lastKnownFileType = sourcecode.c.objc; path = SDWebImageDownloader.m; sourceTree = "<group>"; };
		D49A246A1A56087D00DE4A56 /* SDWebImageDownloaderOperation.h */ = {isa = PBXFileReference; fileEncoding = 4; lastKnownFileType = sourcecode.c.h; path = SDWebImageDownloaderOperation.h; sourceTree = "<group>"; };
		D49A246B1A56087D00DE4A56 /* SDWebImageDownloaderOperation.m */ = {isa = PBXFileReference; fileEncoding = 4; lastKnownFileType = sourcecode.c.objc; path = SDWebImageDownloaderOperation.m; sourceTree = "<group>"; };
		D49A246C1A56087D00DE4A56 /* SDWebImageManager.h */ = {isa = PBXFileReference; fileEncoding = 4; lastKnownFileType = sourcecode.c.h; path = SDWebImageManager.h; sourceTree = "<group>"; };
		D49A246D1A56087D00DE4A56 /* SDWebImageManager.m */ = {isa = PBXFileReference; fileEncoding = 4; lastKnownFileType = sourcecode.c.objc; path = SDWebImageManager.m; sourceTree = "<group>"; };
		D49A246E1A56087D00DE4A56 /* SDWebImageOperation.h */ = {isa = PBXFileReference; fileEncoding = 4; lastKnownFileType = sourcecode.c.h; path = SDWebImageOperation.h; sourceTree = "<group>"; };
		D49A246F1A56087D00DE4A56 /* SDWebImagePrefetcher.h */ = {isa = PBXFileReference; fileEncoding = 4; lastKnownFileType = sourcecode.c.h; path = SDWebImagePrefetcher.h; sourceTree = "<group>"; };
		D49A24701A56087D00DE4A56 /* SDWebImagePrefetcher.m */ = {isa = PBXFileReference; fileEncoding = 4; lastKnownFileType = sourcecode.c.objc; path = SDWebImagePrefetcher.m; sourceTree = "<group>"; };
		D49A24711A56087D00DE4A56 /* UIButton+WebCache.h */ = {isa = PBXFileReference; fileEncoding = 4; lastKnownFileType = sourcecode.c.h; path = "UIButton+WebCache.h"; sourceTree = "<group>"; };
		D49A24721A56087D00DE4A56 /* UIButton+WebCache.m */ = {isa = PBXFileReference; fileEncoding = 4; lastKnownFileType = sourcecode.c.objc; path = "UIButton+WebCache.m"; sourceTree = "<group>"; };
		D49A24731A56087D00DE4A56 /* UIImage+GIF.h */ = {isa = PBXFileReference; fileEncoding = 4; lastKnownFileType = sourcecode.c.h; path = "UIImage+GIF.h"; sourceTree = "<group>"; };
		D49A24741A56087D00DE4A56 /* UIImage+GIF.m */ = {isa = PBXFileReference; fileEncoding = 4; lastKnownFileType = sourcecode.c.objc; path = "UIImage+GIF.m"; sourceTree = "<group>"; };
		D49A24751A56087D00DE4A56 /* UIImage+MultiFormat.h */ = {isa = PBXFileReference; fileEncoding = 4; lastKnownFileType = sourcecode.c.h; path = "UIImage+MultiFormat.h"; sourceTree = "<group>"; };
		D49A24761A56087D00DE4A56 /* UIImage+MultiFormat.m */ = {isa = PBXFileReference; fileEncoding = 4; lastKnownFileType = sourcecode.c.objc; path = "UIImage+MultiFormat.m"; sourceTree = "<group>"; };
		D49A24771A56087D00DE4A56 /* UIImage+WebP.h */ = {isa = PBXFileReference; fileEncoding = 4; lastKnownFileType = sourcecode.c.h; path = "UIImage+WebP.h"; sourceTree = "<group>"; };
		D49A24781A56087D00DE4A56 /* UIImage+WebP.m */ = {isa = PBXFileReference; fileEncoding = 4; lastKnownFileType = sourcecode.c.objc; path = "UIImage+WebP.m"; sourceTree = "<group>"; };
		D49A24791A56087D00DE4A56 /* UIImageView+HighlightedWebCache.h */ = {isa = PBXFileReference; fileEncoding = 4; lastKnownFileType = sourcecode.c.h; path = "UIImageView+HighlightedWebCache.h"; sourceTree = "<group>"; };
		D49A247A1A56087D00DE4A56 /* UIImageView+HighlightedWebCache.m */ = {isa = PBXFileReference; fileEncoding = 4; lastKnownFileType = sourcecode.c.objc; path = "UIImageView+HighlightedWebCache.m"; sourceTree = "<group>"; };
		D49A247B1A56087D00DE4A56 /* UIImageView+WebCache.h */ = {isa = PBXFileReference; fileEncoding = 4; lastKnownFileType = sourcecode.c.h; path = "UIImageView+WebCache.h"; sourceTree = "<group>"; };
		D49A247C1A56087D00DE4A56 /* UIImageView+WebCache.m */ = {isa = PBXFileReference; fileEncoding = 4; lastKnownFileType = sourcecode.c.objc; path = "UIImageView+WebCache.m"; sourceTree = "<group>"; };
		D49A247D1A56087D00DE4A56 /* UIView+WebCacheOperation.h */ = {isa = PBXFileReference; fileEncoding = 4; lastKnownFileType = sourcecode.c.h; path = "UIView+WebCacheOperation.h"; sourceTree = "<group>"; };
		D49A247E1A56087D00DE4A56 /* UIView+WebCacheOperation.m */ = {isa = PBXFileReference; fileEncoding = 4; lastKnownFileType = sourcecode.c.objc; path = "UIView+WebCacheOperation.m"; sourceTree = "<group>"; };
		D4A7AFEA185421E5007B1874 /* Images.xcassets */ = {isa = PBXFileReference; lastKnownFileType = folder.assetcatalog; name = Images.xcassets; path = PLY/Images.xcassets; sourceTree = "<group>"; };
		D4B2596C1BC6EC690067B276 /* Spotify.framework */ = {isa = PBXFileReference; lastKnownFileType = wrapper.framework; path = Spotify.framework; sourceTree = "<group>"; };
		D4B2596F1BC73EFF0067B276 /* PLSpotifyController.h */ = {isa = PBXFileReference; fileEncoding = 4; lastKnownFileType = sourcecode.c.h; path = PLSpotifyController.h; sourceTree = "<group>"; };
		D4B259701BC73EFF0067B276 /* PLSpotifyController.m */ = {isa = PBXFileReference; fileEncoding = 4; lastKnownFileType = sourcecode.c.objc; path = PLSpotifyController.m; sourceTree = "<group>"; };
		D4B259761BC755360067B276 /* ProximaNova-Regular.otf */ = {isa = PBXFileReference; lastKnownFileType = file; path = "ProximaNova-Regular.otf"; sourceTree = "<group>"; };
		D4B259771BC755360067B276 /* ProximaNova-Semibold.otf */ = {isa = PBXFileReference; lastKnownFileType = file; path = "ProximaNova-Semibold.otf"; sourceTree = "<group>"; };
		D4B259791BC758A70067B276 /* ProximaNova-Bold.otf */ = {isa = PBXFileReference; lastKnownFileType = file; path = "ProximaNova-Bold.otf"; sourceTree = "<group>"; };
		D4B2597D1BC7B5560067B276 /* PLPlaylistSelectionController.h */ = {isa = PBXFileReference; fileEncoding = 4; lastKnownFileType = sourcecode.c.h; path = PLPlaylistSelectionController.h; sourceTree = "<group>"; };
		D4B2597E1BC7B5560067B276 /* PLPlaylistSelectionController.m */ = {isa = PBXFileReference; fileEncoding = 4; lastKnownFileType = sourcecode.c.objc; path = PLPlaylistSelectionController.m; sourceTree = "<group>"; };
/* End PBXFileReference section */

/* Begin PBXFrameworksBuildPhase section */
		363FECD517C4D5B000C21EA3 /* Frameworks */ = {
			isa = PBXFrameworksBuildPhase;
			buildActionMask = 2147483647;
			files = (
				D4362E0B1BCDBB8C001F130A /* AudioToolbox.framework in Frameworks */,
				D4B2596E1BC6F47D0067B276 /* AVFoundation.framework in Frameworks */,
				D46DABC11854CC8900FCFA95 /* CoreAudio.framework in Frameworks */,
				363FEF1E17C5054700C21EA3 /* MapKit.framework in Frameworks */,
				363FEF1C17C5053200C21EA3 /* ImageIO.framework in Frameworks */,
				363FEEE717C4DF0100C21EA3 /* CoreMedia.framework in Frameworks */,
				363FEEE517C4DEAC00C21EA3 /* OpenGLES.framework in Frameworks */,
				363FEEE317C4DE8100C21EA3 /* QuartzCore.framework in Frameworks */,
				363FECFF17C4D79E00C21EA3 /* MediaPlayer.framework in Frameworks */,
				363FECDC17C4D5B000C21EA3 /* UIKit.framework in Frameworks */,
				363FECDE17C4D5B000C21EA3 /* Foundation.framework in Frameworks */,
				363FECE017C4D5B000C21EA3 /* CoreGraphics.framework in Frameworks */,
				D4B2596D1BC6EC690067B276 /* Spotify.framework in Frameworks */,
			);
			runOnlyForDeploymentPostprocessing = 0;
		};
/* End PBXFrameworksBuildPhase section */

/* Begin PBXGroup section */
		363FECCF17C4D5B000C21EA3 = {
			isa = PBXGroup;
			children = (
				D4A7AFEA185421E5007B1874 /* Images.xcassets */,
				363FECE117C4D5B000C21EA3 /* Player */,
				363FECDA17C4D5B000C21EA3 /* Frameworks */,
				363FECD917C4D5B000C21EA3 /* Products */,
			);
			sourceTree = "<group>";
		};
		363FECD917C4D5B000C21EA3 /* Products */ = {
			isa = PBXGroup;
			children = (
				363FECD817C4D5B000C21EA3 /* PLY.app */,
			);
			name = Products;
			sourceTree = "<group>";
		};
		363FECDA17C4D5B000C21EA3 /* Frameworks */ = {
			isa = PBXGroup;
			children = (
				D4362E0A1BCDBB8C001F130A /* AudioToolbox.framework */,
				D4B2596C1BC6EC690067B276 /* Spotify.framework */,
				D46DABBE1854CC8900FCFA95 /* AudioUnit.framework */,
				D46DABBF1854CC8900FCFA95 /* CoreAudio.framework */,
				363FEF1D17C5054700C21EA3 /* MapKit.framework */,
				363FEEE817C4DF0B00C21EA3 /* CoreVideo.framework */,
				363FEEE617C4DF0100C21EA3 /* CoreMedia.framework */,
				363FEF1B17C5053200C21EA3 /* ImageIO.framework */,
				363FEF1917C5052C00C21EA3 /* CoreImage.framework */,
				363FEEE417C4DEAC00C21EA3 /* OpenGLES.framework */,
				363FEEE217C4DE8100C21EA3 /* QuartzCore.framework */,
				363FEEDE17C4DE6200C21EA3 /* AVFoundation.framework */,
				363FECFE17C4D79E00C21EA3 /* MediaPlayer.framework */,
				363FECDB17C4D5B000C21EA3 /* UIKit.framework */,
				363FECDD17C4D5B000C21EA3 /* Foundation.framework */,
				363FECDF17C4D5B000C21EA3 /* CoreGraphics.framework */,
			);
			name = Frameworks;
			sourceTree = "<group>";
		};
		363FECE117C4D5B000C21EA3 /* Player */ = {
			isa = PBXGroup;
			children = (
				D4A7AFDA1853D1EB007B1874 /* Libraries */,
				D49A245D1A56087D00DE4A56 /* SDWebImage */,
				363FECEA17C4D5B000C21EA3 /* PLAppDelegate.h */,
				363FECEB17C4D5B000C21EA3 /* PLAppDelegate.m */,
				D4B2596F1BC73EFF0067B276 /* PLSpotifyController.h */,
				D4B259701BC73EFF0067B276 /* PLSpotifyController.m */,
				363FECF317C4D5B100C21EA3 /* MainStoryboard.storyboard */,
				D46DABBB1854C8C100FCFA95 /* PLVisualizerView.h */,
				D46DABBC1854C8C100FCFA95 /* PLVisualizerView.m */,
				363FECF617C4D5B100C21EA3 /* PLViewController.h */,
				363FECF717C4D5B100C21EA3 /* PLViewController.m */,
				D4B2597D1BC7B5560067B276 /* PLPlaylistSelectionController.h */,
				D4B2597E1BC7B5560067B276 /* PLPlaylistSelectionController.m */,
				363FECE217C4D5B000C21EA3 /* Supporting Files */,
			);
			path = Player;
			sourceTree = "<group>";
		};
		363FECE217C4D5B000C21EA3 /* Supporting Files */ = {
			isa = PBXGroup;
			children = (
				D4B259781BC7553B0067B276 /* Proxima */,
				363FEF1217C5034300C21EA3 /* Assets */,
				363FECE317C4D5B000C21EA3 /* Player-Info.plist */,
				363FECE417C4D5B000C21EA3 /* InfoPlist.strings */,
				363FECE717C4D5B000C21EA3 /* main.m */,
				363FECE917C4D5B000C21EA3 /* Player-Prefix.pch */,
			);
			name = "Supporting Files";
			sourceTree = "<group>";
		};
		363FEF1217C5034300C21EA3 /* Assets */ = {
			isa = PBXGroup;
			children = (
				D46DABCE185526FF00FCFA95 /* default.png */,
				D46DABC21854CEC800FCFA95 /* particleTexture.png */,
			);
			name = Assets;
			sourceTree = "<group>";
		};
		D49A245D1A56087D00DE4A56 /* SDWebImage */ = {
			isa = PBXGroup;
			children = (
				D49A245E1A56087D00DE4A56 /* MKAnnotationView+WebCache.h */,
				D49A245F1A56087D00DE4A56 /* MKAnnotationView+WebCache.m */,
				D49A24601A56087D00DE4A56 /* NSData+ImageContentType.h */,
				D49A24611A56087D00DE4A56 /* NSData+ImageContentType.m */,
				D49A24621A56087D00DE4A56 /* SDImageCache.h */,
				D49A24631A56087D00DE4A56 /* SDImageCache.m */,
				D49A24641A56087D00DE4A56 /* SDWebImageCompat.h */,
				D49A24651A56087D00DE4A56 /* SDWebImageCompat.m */,
				D49A24661A56087D00DE4A56 /* SDWebImageDecoder.h */,
				D49A24671A56087D00DE4A56 /* SDWebImageDecoder.m */,
				D49A24681A56087D00DE4A56 /* SDWebImageDownloader.h */,
				D49A24691A56087D00DE4A56 /* SDWebImageDownloader.m */,
				D49A246A1A56087D00DE4A56 /* SDWebImageDownloaderOperation.h */,
				D49A246B1A56087D00DE4A56 /* SDWebImageDownloaderOperation.m */,
				D49A246C1A56087D00DE4A56 /* SDWebImageManager.h */,
				D49A246D1A56087D00DE4A56 /* SDWebImageManager.m */,
				D49A246E1A56087D00DE4A56 /* SDWebImageOperation.h */,
				D49A246F1A56087D00DE4A56 /* SDWebImagePrefetcher.h */,
				D49A24701A56087D00DE4A56 /* SDWebImagePrefetcher.m */,
				D49A24711A56087D00DE4A56 /* UIButton+WebCache.h */,
				D49A24721A56087D00DE4A56 /* UIButton+WebCache.m */,
				D49A24731A56087D00DE4A56 /* UIImage+GIF.h */,
				D49A24741A56087D00DE4A56 /* UIImage+GIF.m */,
				D49A24751A56087D00DE4A56 /* UIImage+MultiFormat.h */,
				D49A24761A56087D00DE4A56 /* UIImage+MultiFormat.m */,
				D49A24771A56087D00DE4A56 /* UIImage+WebP.h */,
				D49A24781A56087D00DE4A56 /* UIImage+WebP.m */,
				D49A24791A56087D00DE4A56 /* UIImageView+HighlightedWebCache.h */,
				D49A247A1A56087D00DE4A56 /* UIImageView+HighlightedWebCache.m */,
				D49A247B1A56087D00DE4A56 /* UIImageView+WebCache.h */,
				D49A247C1A56087D00DE4A56 /* UIImageView+WebCache.m */,
				D49A247D1A56087D00DE4A56 /* UIView+WebCacheOperation.h */,
				D49A247E1A56087D00DE4A56 /* UIView+WebCacheOperation.m */,
			);
			path = SDWebImage;
			sourceTree = "<group>";
		};
		D4A7AFDA1853D1EB007B1874 /* Libraries */ = {
			isa = PBXGroup;
			children = (
				D46DABD318555C5600FCFA95 /* ACRequest.h */,
				D46DABD418555C5600FCFA95 /* ACRequest.m */,
			);
			name = Libraries;
			sourceTree = "<group>";
		};
		D4B259781BC7553B0067B276 /* Proxima */ = {
			isa = PBXGroup;
			children = (
				D4B259761BC755360067B276 /* ProximaNova-Regular.otf */,
				D4B259771BC755360067B276 /* ProximaNova-Semibold.otf */,
				D4B259791BC758A70067B276 /* ProximaNova-Bold.otf */,
			);
			name = Proxima;
			sourceTree = "<group>";
		};
/* End PBXGroup section */

/* Begin PBXNativeTarget section */
		363FECD717C4D5B000C21EA3 /* PLY */ = {
			isa = PBXNativeTarget;
			buildConfigurationList = 363FECFB17C4D5B100C21EA3 /* Build configuration list for PBXNativeTarget "PLY" */;
			buildPhases = (
				363FECD417C4D5B000C21EA3 /* Sources */,
				363FECD517C4D5B000C21EA3 /* Frameworks */,
				363FECD617C4D5B000C21EA3 /* Resources */,
			);
			buildRules = (
			);
			dependencies = (
			);
			name = PLY;
			productName = Player;
			productReference = 363FECD817C4D5B000C21EA3 /* PLY.app */;
			productType = "com.apple.product-type.application";
		};
/* End PBXNativeTarget section */

/* Begin PBXProject section */
		363FECD017C4D5B000C21EA3 /* Project object */ = {
			isa = PBXProject;
			attributes = {
				CLASSPREFIX = PL;
				LastUpgradeCheck = 0710;
				ORGANIZATIONNAME = "Can Bülbül";
				TargetAttributes = {
					363FECD717C4D5B000C21EA3 = {
						DevelopmentTeam = 22R85DDBLV;
					};
				};
			};
			buildConfigurationList = 363FECD317C4D5B000C21EA3 /* Build configuration list for PBXProject "Player" */;
			compatibilityVersion = "Xcode 3.2";
			developmentRegion = English;
			hasScannedForEncodings = 0;
			knownRegions = (
				en,
			);
			mainGroup = 363FECCF17C4D5B000C21EA3;
			productRefGroup = 363FECD917C4D5B000C21EA3 /* Products */;
			projectDirPath = "";
			projectRoot = "";
			targets = (
				363FECD717C4D5B000C21EA3 /* PLY */,
			);
		};
/* End PBXProject section */

/* Begin PBXResourcesBuildPhase section */
		363FECD617C4D5B000C21EA3 /* Resources */ = {
			isa = PBXResourcesBuildPhase;
			buildActionMask = 2147483647;
			files = (
				D4B2597B1BC758BF0067B276 /* ProximaNova-Regular.otf in Resources */,
				D4B2597C1BC758C30067B276 /* ProximaNova-Semibold.otf in Resources */,
				363FECE617C4D5B000C21EA3 /* InfoPlist.strings in Resources */,
				D46DABCF185526FF00FCFA95 /* default.png in Resources */,
				D46DABC31854CEC800FCFA95 /* particleTexture.png in Resources */,
				D4A7AFEB185421E5007B1874 /* Images.xcassets in Resources */,
				D4B2597A1BC758A70067B276 /* ProximaNova-Bold.otf in Resources */,
				363FECF517C4D5B100C21EA3 /* MainStoryboard.storyboard in Resources */,
			);
			runOnlyForDeploymentPostprocessing = 0;
		};
/* End PBXResourcesBuildPhase section */

/* Begin PBXSourcesBuildPhase section */
		363FECD417C4D5B000C21EA3 /* Sources */ = {
			isa = PBXSourcesBuildPhase;
			buildActionMask = 2147483647;
			files = (
				D49A248D1A56087D00DE4A56 /* UIImageView+WebCache.m in Sources */,
				D49A24891A56087D00DE4A56 /* UIImage+GIF.m in Sources */,
				D49A24821A56087D00DE4A56 /* SDWebImageCompat.m in Sources */,
				D49A24881A56087D00DE4A56 /* UIButton+WebCache.m in Sources */,
				D49A248A1A56087D00DE4A56 /* UIImage+MultiFormat.m in Sources */,
				D49A24871A56087D00DE4A56 /* SDWebImagePrefetcher.m in Sources */,
				D4B259711BC73EFF0067B276 /* PLSpotifyController.m in Sources */,
				363FECE817C4D5B000C21EA3 /* main.m in Sources */,
				D49A248E1A56087D00DE4A56 /* UIView+WebCacheOperation.m in Sources */,
				D49A247F1A56087D00DE4A56 /* MKAnnotationView+WebCache.m in Sources */,
				D49A248B1A56087D00DE4A56 /* UIImage+WebP.m in Sources */,
				363FECEC17C4D5B000C21EA3 /* PLAppDelegate.m in Sources */,
				D49A24851A56087D00DE4A56 /* SDWebImageDownloaderOperation.m in Sources */,
				D49A24831A56087D00DE4A56 /* SDWebImageDecoder.m in Sources */,
				363FECF817C4D5B100C21EA3 /* PLViewController.m in Sources */,
				D4B2597F1BC7B5560067B276 /* PLPlaylistSelectionController.m in Sources */,
				D49A248C1A56087D00DE4A56 /* UIImageView+HighlightedWebCache.m in Sources */,
				D49A24801A56087D00DE4A56 /* NSData+ImageContentType.m in Sources */,
				D49A24841A56087D00DE4A56 /* SDWebImageDownloader.m in Sources */,
				D46DABD518555C5600FCFA95 /* ACRequest.m in Sources */,
				D49A24861A56087D00DE4A56 /* SDWebImageManager.m in Sources */,
				D46DABBD1854C8C100FCFA95 /* PLVisualizerView.m in Sources */,
				D49A24811A56087D00DE4A56 /* SDImageCache.m in Sources */,
			);
			runOnlyForDeploymentPostprocessing = 0;
		};
/* End PBXSourcesBuildPhase section */

/* Begin PBXVariantGroup section */
		363FECE417C4D5B000C21EA3 /* InfoPlist.strings */ = {
			isa = PBXVariantGroup;
			children = (
				363FECE517C4D5B000C21EA3 /* en */,
			);
			name = InfoPlist.strings;
			sourceTree = "<group>";
		};
		363FECF317C4D5B100C21EA3 /* MainStoryboard.storyboard */ = {
			isa = PBXVariantGroup;
			children = (
				363FECF417C4D5B100C21EA3 /* en */,
			);
			name = MainStoryboard.storyboard;
			sourceTree = "<group>";
		};
/* End PBXVariantGroup section */

/* Begin XCBuildConfiguration section */
		363FECF917C4D5B100C21EA3 /* Debug */ = {
			isa = XCBuildConfiguration;
			buildSettings = {
				ALWAYS_SEARCH_USER_PATHS = NO;
				CLANG_CXX_LANGUAGE_STANDARD = "gnu++0x";
				CLANG_CXX_LIBRARY = "libc++";
				CLANG_ENABLE_OBJC_ARC = YES;
				CLANG_WARN_CONSTANT_CONVERSION = YES;
				CLANG_WARN_EMPTY_BODY = YES;
				CLANG_WARN_ENUM_CONVERSION = YES;
				CLANG_WARN_INT_CONVERSION = YES;
				CLANG_WARN__DUPLICATE_METHOD_MATCH = YES;
				"CODE_SIGN_IDENTITY[sdk=iphoneos*]" = "iPhone Developer";
				COPY_PHASE_STRIP = NO;
				ENABLE_TESTABILITY = YES;
				GCC_C_LANGUAGE_STANDARD = gnu99;
				GCC_DYNAMIC_NO_PIC = NO;
				GCC_OPTIMIZATION_LEVEL = 0;
				GCC_PREPROCESSOR_DEFINITIONS = (
					"DEBUG=1",
					"$(inherited)",
				);
				GCC_SYMBOLS_PRIVATE_EXTERN = NO;
				GCC_WARN_ABOUT_RETURN_TYPE = YES;
				GCC_WARN_UNINITIALIZED_AUTOS = YES;
				GCC_WARN_UNUSED_VARIABLE = YES;
				IPHONEOS_DEPLOYMENT_TARGET = 8.0;
				ONLY_ACTIVE_ARCH = YES;
				SDKROOT = iphoneos;
			};
			name = Debug;
		};
		363FECFA17C4D5B100C21EA3 /* Release */ = {
			isa = XCBuildConfiguration;
			buildSettings = {
				ALWAYS_SEARCH_USER_PATHS = NO;
				CLANG_CXX_LANGUAGE_STANDARD = "gnu++0x";
				CLANG_CXX_LIBRARY = "libc++";
				CLANG_ENABLE_OBJC_ARC = YES;
				CLANG_WARN_CONSTANT_CONVERSION = YES;
				CLANG_WARN_EMPTY_BODY = YES;
				CLANG_WARN_ENUM_CONVERSION = YES;
				CLANG_WARN_INT_CONVERSION = YES;
				CLANG_WARN__DUPLICATE_METHOD_MATCH = YES;
				"CODE_SIGN_IDENTITY[sdk=iphoneos*]" = "iPhone Developer";
				COPY_PHASE_STRIP = YES;
				GCC_C_LANGUAGE_STANDARD = gnu99;
				GCC_WARN_ABOUT_RETURN_TYPE = YES;
				GCC_WARN_UNINITIALIZED_AUTOS = YES;
				GCC_WARN_UNUSED_VARIABLE = YES;
				IPHONEOS_DEPLOYMENT_TARGET = 8.0;
				OTHER_CFLAGS = "-DNS_BLOCK_ASSERTIONS=1";
				SDKROOT = iphoneos;
				VALIDATE_PRODUCT = YES;
			};
			name = Release;
		};
		363FECFC17C4D5B100C21EA3 /* Debug */ = {
			isa = XCBuildConfiguration;
			buildSettings = {
				ASSETCATALOG_COMPILER_APPICON_NAME = AppIcon;
				ASSETCATALOG_COMPILER_LAUNCHIMAGE_NAME = LaunchImage;
				CODE_SIGN_IDENTITY = "iPhone Developer: Taner Yildirim (677762377T)";
				"CODE_SIGN_IDENTITY[sdk=iphoneos*]" = "iPhone Developer: Taner Yildirim (677762377T)";
				ENABLE_BITCODE = NO;
				FRAMEWORK_SEARCH_PATHS = (
					"$(inherited)",
					"$(PROJECT_DIR)",
				);
				GCC_PRECOMPILE_PREFIX_HEADER = YES;
				GCC_PREFIX_HEADER = "Player/Player-Prefix.pch";
				INFOPLIST_FILE = "Player/Player-Info.plist";
				IPHONEOS_DEPLOYMENT_TARGET = 7.0;
				OTHER_LDFLAGS = (
					"$(OTHER_LDFLAGS)",
					"-ObjC",
				);
				PRODUCT_BUNDLE_IDENTIFIER = com.orkestra.player;
				PRODUCT_NAME = "$(TARGET_NAME)";
				PROVISIONING_PROFILE = "e3f250d5-c937-4c84-a181-a5468cf33646";
				TARGETED_DEVICE_FAMILY = 1;
				WRAPPER_EXTENSION = app;
			};
			name = Debug;
		};
		363FECFD17C4D5B100C21EA3 /* Release */ = {
			isa = XCBuildConfiguration;
			buildSettings = {
				ASSETCATALOG_COMPILER_APPICON_NAME = AppIcon;
				ASSETCATALOG_COMPILER_LAUNCHIMAGE_NAME = LaunchImage;
				CODE_SIGN_IDENTITY = "iPhone Developer: Taner Yildirim (677762377T)";
				"CODE_SIGN_IDENTITY[sdk=iphoneos*]" = "iPhone Developer: Taner Yildirim (677762377T)";
				ENABLE_BITCODE = NO;
				FRAMEWORK_SEARCH_PATHS = (
					"$(inherited)",
					"$(PROJECT_DIR)",
				);
				GCC_PRECOMPILE_PREFIX_HEADER = YES;
				GCC_PREFIX_HEADER = "Player/Player-Prefix.pch";
				INFOPLIST_FILE = "Player/Player-Info.plist";
				IPHONEOS_DEPLOYMENT_TARGET = 7.0;
				OTHER_LDFLAGS = (
					"$(OTHER_LDFLAGS)",
					"-ObjC",
				);
				PRODUCT_BUNDLE_IDENTIFIER = com.orkestra.player;
				PRODUCT_NAME = "$(TARGET_NAME)";
				PROVISIONING_PROFILE = "e3f250d5-c937-4c84-a181-a5468cf33646";
				TARGETED_DEVICE_FAMILY = 1;
				WRAPPER_EXTENSION = app;
			};
			name = Release;
		};
/* End XCBuildConfiguration section */

/* Begin XCConfigurationList section */
		363FECD317C4D5B000C21EA3 /* Build configuration list for PBXProject "Player" */ = {
			isa = XCConfigurationList;
			buildConfigurations = (
				363FECF917C4D5B100C21EA3 /* Debug */,
				363FECFA17C4D5B100C21EA3 /* Release */,
			);
			defaultConfigurationIsVisible = 0;
			defaultConfigurationName = Release;
		};
		363FECFB17C4D5B100C21EA3 /* Build configuration list for PBXNativeTarget "PLY" */ = {
			isa = XCConfigurationList;
			buildConfigurations = (
				363FECFC17C4D5B100C21EA3 /* Debug */,
				363FECFD17C4D5B100C21EA3 /* Release */,
			);
			defaultConfigurationIsVisible = 0;
			defaultConfigurationName = Release;
		};
/* End XCConfigurationList section */
	};
	rootObject = 363FECD017C4D5B000C21EA3 /* Project object */;
}
